<?xml version="1.0" encoding="utf-8"?>
<Project ToolsVersion="4.0" xmlns="http://schemas.microsoft.com/developer/msbuild/2003">
  <ItemGroup>
    <Filter Include="소스 파일">
      <UniqueIdentifier>{4FC737F1-C7A5-4376-A066-2A32D752A2FF}</UniqueIdentifier>
      <Extensions>cpp;c;cc;cxx;c++;cppm;ixx;def;odl;idl;hpj;bat;asm;asmx</Extensions>
    </Filter>
    <Filter Include="헤더 파일">
      <UniqueIdentifier>{93995380-89BD-4b04-88EB-625FBE52EBFB}</UniqueIdentifier>
      <Extensions>h;hh;hpp;hxx;h++;hm;inl;inc;ipp;xsd</Extensions>
    </Filter>
    <Filter Include="리소스 파일">
      <UniqueIdentifier>{67DA6AB6-F800-4c08-8B7A-83BB121AAD01}</UniqueIdentifier>
      <Extensions>rc;ico;cur;bmp;dlg;rc2;rct;bin;rgs;gif;jpg;jpeg;jpe;resx;tiff;tif;png;wav;mfcribbon-ms</Extensions>
    </Filter>
  </ItemGroup>
  <ItemGroup>
    <ClCompile Include="1. C언어가 뭐야.c">
      <Filter>소스 파일</Filter>
    </ClCompile>
    <ClCompile Include="2-2. 주석에 대한 이해.c">
      <Filter>소스 파일</Filter>
    </ClCompile>
    <ClCompile Include="3. 변수가 뭐지.c">
      <Filter>소스 파일</Filter>
    </ClCompile>
    <ClCompile Include="4-1. 계산하리.c">
      <Filter>소스 파일</Filter>
    </ClCompile>
    <ClCompile Include="4-2. 컴퓨터가 음수를 표현하는 방법 (2의 보수).c">
      <Filter>소스 파일</Filter>
    </ClCompile>
    <ClCompile Include="5. 문자 입력 받기.c">
      <Filter>소스 파일</Filter>
    </ClCompile>
    <ClCompile Include="6. 만약에(if문).c">
      <Filter>소스 파일</Filter>
    </ClCompile>
    <ClCompile Include="7. 뱅글 뱅글 (for, while).c">
      <Filter>소스 파일</Filter>
    </ClCompile>
    <ClCompile Include="9. 만약에 2탄(switch 문).c">
      <Filter>소스 파일</Filter>
    </ClCompile>
    <ClCompile Include="10. 연예인 캐스팅 C언어에서의 형 변환.c">
      <Filter>소스 파일</Filter>
    </ClCompile>
    <ClCompile Include="11-1. C언어의 아파트 (배열), 상수.c">
      <Filter>소스 파일</Filter>
    </ClCompile>
    <ClCompile Include="11-2. C언어의 아파트2 %28고차원의 배열%29.c">
      <Filter>소스 파일</Filter>
    </ClCompile>
    <ClCompile Include="12-1. 포인터는 영희이다! (포인터).c">
      <Filter>소스 파일</Filter>
    </ClCompile>
    <ClCompile Include="12-2. 포인터는 영희이다 2! (포인터).c">
      <Filter>소스 파일</Filter>
    </ClCompile>
    <ClCompile Include="12-3. 포인터는 영희이다 3! (포인터).c">
      <Filter>소스 파일</Filter>
    </ClCompile>
    <ClCompile Include="13-1. 마술 상자 함수(function).c">
      <Filter>소스 파일</Filter>
    </ClCompile>
    <ClCompile Include="13-2. 마술 상자 함수 2 (function).c">
      <Filter>소스 파일</Filter>
    </ClCompile>
    <ClCompile Include="13-3. 마술 상자 함수 3 (function).c">
      <Filter>소스 파일</Filter>
    </ClCompile>
    <ClCompile Include="15-1. 일로와바, 문자열(string).c">
      <Filter>소스 파일</Filter>
    </ClCompile>
    <ClCompile Include="15-2. 일로와바, 문자열(string).c">
      <Filter>소스 파일</Filter>
    </ClCompile>
    <ClCompile Include="15-3. 일로와바, 문자열%28string%29 - 문자열 지지고 볶기, 리터럴.c">
      <Filter>소스 파일</Filter>
    </ClCompile>
    <ClCompile Include="15-4. 일로와바, 문자열(string) - 도서 관리 프로젝트.c">
      <Filter>소스 파일</Filter>
    </ClCompile>
    <ClCompile Include="16-1. 모아모아 구조체(struct).c">
      <Filter>소스 파일</Filter>
    </ClCompile>
    <ClCompile Include="16-2. 모아모아 구조체(struct) - 구조체 인자로 가진 함수.c">
      <Filter>소스 파일</Filter>
    </ClCompile>
    <ClCompile Include="16-3. 구조체와 친구들(공용체(union), 열거형(enum)).c">
      <Filter>소스 파일</Filter>
    </ClCompile>
    <ClCompile Include="17. 변수의 생존 조건 및 데이터 세그먼트의 구조.c">
      <Filter>소스 파일</Filter>
    </ClCompile>
    <ClCompile Include="18-1. 파일 뽀개기 (헤더파일과 include).c">
      <Filter>소스 파일</Filter>
    </ClCompile>
    <ClCompile Include="str.c">
      <Filter>소스 파일</Filter>
    </ClCompile>
    <ClCompile Include="18-2. 파일 뽀개기 (전처리기 친구들, 라이브러리).c">
      <Filter>소스 파일</Filter>
    </ClCompile>
    <ClCompile Include="human.c">
      <Filter>소스 파일</Filter>
    </ClCompile>
    <ClCompile Include="19. main 함수의 인자, 텅 빈 void 형.c">
      <Filter>소스 파일</Filter>
    </ClCompile>
    <ClCompile Include="20-1. 동동동 메모리 동적 할당(Dynamic Memory Allocation).c">
      <Filter>소스 파일</Filter>
    </ClCompile>
  </ItemGroup>
  <ItemGroup>
    <ClInclude Include="str.h">
      <Filter>헤더 파일</Filter>
    </ClInclude>
    <ClInclude Include="human.h">
      <Filter>헤더 파일</Filter>
    </ClInclude>
  </ItemGroup>
</Project>